
Microsoft Visual Studio Solution File, Format Version 12.00
# Visual Studio 14
VisualStudioVersion = 14.0.25420.1
MinimumVisualStudioVersion = 10.0.40219.1
Project("{FAE04EC0-301F-11D3-BF4B-00C04F79EFBC}") = "OELib", "..\..\..\OELib\OELib.csproj", "{3D98BDF1-ACD5-4B1B-9C45-92ADA505AEDD}"
EndProject
Project("{FAE04EC0-301F-11D3-BF4B-00C04F79EFBC}") = "SimpleTestApp.Android", "SimpleTestApp.Android\SimpleTestApp.Android.csproj", "{5C2E9928-9FA5-446E-B8E0-FAC95FA3723A}"
EndProject
Project("{FAE04EC0-301F-11D3-BF4B-00C04F79EFBC}") = "SimpleTestApp.Core", "SimpleTestApp.Core\SimpleTestApp.Core.csproj", "{E826482F-006F-4CE3-8BC5-34945EC9D78D}"
EndProject
Project("{FAE04EC0-301F-11D3-BF4B-00C04F79EFBC}") = "SimpleTestApp.Server", "SimpleTestApp.Server\SimpleTestApp.Server.csproj", "{9648486C-8CE8-46BB-B547-B5884E2B7808}"
EndProject
Global
	GlobalSection(SolutionConfigurationPlatforms) = preSolution
		Debug|Any CPU = Debug|Any CPU
		Release|Any CPU = Release|Any CPU
	EndGlobalSection
	GlobalSection(ProjectConfigurationPlatforms) = postSolution
		{3D98BDF1-ACD5-4B1B-9C45-92ADA505AEDD}.Debug|Any CPU.ActiveCfg = Debug|Any CPU
		{3D98BDF1-ACD5-4B1B-9C45-92ADA505AEDD}.Debug|Any CPU.Build.0 = Debug|Any CPU
		{3D98BDF1-ACD5-4B1B-9C45-92ADA505AEDD}.Release|Any CPU.ActiveCfg = Release|Any CPU
		{3D98BDF1-ACD5-4B1B-9C45-92ADA505AEDD}.Release|Any CPU.Build.0 = Release|Any CPU
		{5C2E9928-9FA5-446E-B8E0-FAC95FA3723A}.Debug|Any CPU.ActiveCfg = Debug|Any CPU
		{5C2E9928-9FA5-446E-B8E0-FAC95FA3723A}.Debug|Any CPU.Build.0 = Debug|Any CPU
		{5C2E9928-9FA5-446E-B8E0-FAC95FA3723A}.Debug|Any CPU.Deploy.0 = Debug|Any CPU
		{5C2E9928-9FA5-446E-B8E0-FAC95FA3723A}.Release|Any CPU.ActiveCfg = Release|Any CPU
		{5C2E9928-9FA5-446E-B8E0-FAC95FA3723A}.Release|Any CPU.Build.0 = Release|Any CPU
		{5C2E9928-9FA5-446E-B8E0-FAC95FA3723A}.Release|Any CPU.Deploy.0 = Release|Any CPU
		{E826482F-006F-4CE3-8BC5-34945EC9D78D}.Debug|Any CPU.ActiveCfg = Debug|Any CPU
		{E826482F-006F-4CE3-8BC5-34945EC9D78D}.Debug|Any CPU.Build.0 = Debug|Any CPU
		{E826482F-006F-4CE3-8BC5-34945EC9D78D}.Release|Any CPU.ActiveCfg = Release|Any CPU
		{E826482F-006F-4CE3-8BC5-34945EC9D78D}.Release|Any CPU.Build.0 = Release|Any CPU
		{9648486C-8CE8-46BB-B547-B5884E2B7808}.Debug|Any CPU.ActiveCfg = Debug|Any CPU
		{9648486C-8CE8-46BB-B547-B5884E2B7808}.Debug|Any CPU.Build.0 = Debug|Any CPU
		{9648486C-8CE8-46BB-B547-B5884E2B7808}.Release|Any CPU.ActiveCfg = Release|Any CPU
		{9648486C-8CE8-46BB-B547-B5884E2B7808}.Release|Any CPU.Build.0 = Release|Any CPU
	EndGlobalSection
	GlobalSection(SolutionProperties) = preSolution
		HideSolutionNode = FALSE
	EndGlobalSection
EndGlobal
