
Microsoft Visual Studio Solution File, Format Version 12.00
# Visual Studio 14
VisualStudioVersion = 14.0.25123.0
MinimumVisualStudioVersion = 10.0.40219.1
Project("{FAE04EC0-301F-11D3-BF4B-00C04F79EFBC}") = "OELib", "OELib\OELib.csproj", "{3D98BDF1-ACD5-4B1B-9C45-92ADA505AEDD}"
EndProject
Project("{FAE04EC0-301F-11D3-BF4B-00C04F79EFBC}") = "OELibTests", "OELibTests\OELibTests.csproj", "{B66BFF08-13AE-4B87-9AE2-68D95DD7C316}"
EndProject
Project("{FAE04EC0-301F-11D3-BF4B-00C04F79EFBC}") = "OELibExamples", "Examples\OELibExamples\OELibExamples.csproj", "{34058630-7378-4BCF-9A2F-29211023C0AE}"
EndProject
Project("{2150E333-8FDC-42A3-9474-1A3956D46DE8}") = "Examples", "Examples", "{A3344C66-3CE7-4732-BA9E-890C8306C06B}"
EndProject
Project("{2150E333-8FDC-42A3-9474-1A3956D46DE8}") = "SimpleClientServer", "SimpleClientServer", "{55752C3E-0616-4FCF-8297-1A304D0E4E0B}"
EndProject
Project("{FAE04EC0-301F-11D3-BF4B-00C04F79EFBC}") = "SimpleExampleServer", "Examples\SimpleClientServer\SimpleExampleServer\SimpleExampleServer.csproj", "{5D89A513-290E-49C8-9A95-4980381D6AAE}"
EndProject
Project("{FAE04EC0-301F-11D3-BF4B-00C04F79EFBC}") = "SimpleExampleClient", "Examples\SimpleClientServer\SimpleExampleClient\SimpleExampleClient.csproj", "{C02F49C8-1FB2-41F9-B682-0C8DB8445FFA}"
EndProject
Project("{FAE04EC0-301F-11D3-BF4B-00C04F79EFBC}") = "SimpleExampleCommon", "Examples\SimpleClientServer\SimpleExampleCommon\SimpleExampleCommon.csproj", "{498FEC80-D122-4CB5-856E-A48C24C09E86}"
EndProject
Global
	GlobalSection(Performance) = preSolution
		HasPerformanceSessions = true
	EndGlobalSection
	GlobalSection(SolutionConfigurationPlatforms) = preSolution
		Debug|Any CPU = Debug|Any CPU
		Release|Any CPU = Release|Any CPU
	EndGlobalSection
	GlobalSection(ProjectConfigurationPlatforms) = postSolution
		{3D98BDF1-ACD5-4B1B-9C45-92ADA505AEDD}.Debug|Any CPU.ActiveCfg = Debug|Any CPU
		{3D98BDF1-ACD5-4B1B-9C45-92ADA505AEDD}.Debug|Any CPU.Build.0 = Debug|Any CPU
		{3D98BDF1-ACD5-4B1B-9C45-92ADA505AEDD}.Release|Any CPU.ActiveCfg = Release|Any CPU
		{3D98BDF1-ACD5-4B1B-9C45-92ADA505AEDD}.Release|Any CPU.Build.0 = Release|Any CPU
		{B66BFF08-13AE-4B87-9AE2-68D95DD7C316}.Debug|Any CPU.ActiveCfg = Debug|Any CPU
		{B66BFF08-13AE-4B87-9AE2-68D95DD7C316}.Debug|Any CPU.Build.0 = Debug|Any CPU
		{B66BFF08-13AE-4B87-9AE2-68D95DD7C316}.Release|Any CPU.ActiveCfg = Release|Any CPU
		{B66BFF08-13AE-4B87-9AE2-68D95DD7C316}.Release|Any CPU.Build.0 = Release|Any CPU
		{34058630-7378-4BCF-9A2F-29211023C0AE}.Debug|Any CPU.ActiveCfg = Debug|Any CPU
		{34058630-7378-4BCF-9A2F-29211023C0AE}.Debug|Any CPU.Build.0 = Debug|Any CPU
		{34058630-7378-4BCF-9A2F-29211023C0AE}.Release|Any CPU.ActiveCfg = Release|Any CPU
		{34058630-7378-4BCF-9A2F-29211023C0AE}.Release|Any CPU.Build.0 = Release|Any CPU
		{5D89A513-290E-49C8-9A95-4980381D6AAE}.Debug|Any CPU.ActiveCfg = Debug|Any CPU
		{5D89A513-290E-49C8-9A95-4980381D6AAE}.Debug|Any CPU.Build.0 = Debug|Any CPU
		{5D89A513-290E-49C8-9A95-4980381D6AAE}.Release|Any CPU.ActiveCfg = Release|Any CPU
		{5D89A513-290E-49C8-9A95-4980381D6AAE}.Release|Any CPU.Build.0 = Release|Any CPU
		{C02F49C8-1FB2-41F9-B682-0C8DB8445FFA}.Debug|Any CPU.ActiveCfg = Debug|Any CPU
		{C02F49C8-1FB2-41F9-B682-0C8DB8445FFA}.Debug|Any CPU.Build.0 = Debug|Any CPU
		{C02F49C8-1FB2-41F9-B682-0C8DB8445FFA}.Release|Any CPU.ActiveCfg = Release|Any CPU
		{C02F49C8-1FB2-41F9-B682-0C8DB8445FFA}.Release|Any CPU.Build.0 = Release|Any CPU
		{498FEC80-D122-4CB5-856E-A48C24C09E86}.Debug|Any CPU.ActiveCfg = Debug|Any CPU
		{498FEC80-D122-4CB5-856E-A48C24C09E86}.Debug|Any CPU.Build.0 = Debug|Any CPU
		{498FEC80-D122-4CB5-856E-A48C24C09E86}.Release|Any CPU.ActiveCfg = Release|Any CPU
		{498FEC80-D122-4CB5-856E-A48C24C09E86}.Release|Any CPU.Build.0 = Release|Any CPU
	EndGlobalSection
	GlobalSection(SolutionProperties) = preSolution
		HideSolutionNode = FALSE
	EndGlobalSection
	GlobalSection(NestedProjects) = preSolution
		{34058630-7378-4BCF-9A2F-29211023C0AE} = {A3344C66-3CE7-4732-BA9E-890C8306C06B}
		{55752C3E-0616-4FCF-8297-1A304D0E4E0B} = {A3344C66-3CE7-4732-BA9E-890C8306C06B}
		{5D89A513-290E-49C8-9A95-4980381D6AAE} = {55752C3E-0616-4FCF-8297-1A304D0E4E0B}
		{C02F49C8-1FB2-41F9-B682-0C8DB8445FFA} = {55752C3E-0616-4FCF-8297-1A304D0E4E0B}
		{498FEC80-D122-4CB5-856E-A48C24C09E86} = {55752C3E-0616-4FCF-8297-1A304D0E4E0B}
	EndGlobalSection
EndGlobal
